// !$*UTF8*$!
{
	archiveVersion = 1;
	classes = {
	};
	objectVersion = 77;
	objects = {

/* Begin PBXBuildFile section */
		03F97E81AFE517A81CDD3508 /* SectionHeader.swift in Sources */ = {isa = PBXBuildFile; fileRef = F08C058AF44DDE420D846911 /* SectionHeader.swift */; };
		05035087CC00535EAB9AB450 /* OnboardingProgress.swift in Sources */ = {isa = PBXBuildFile; fileRef = EE5CC4617D123212BF2C2471 /* OnboardingProgress.swift */; };
		07D04D470825EE40D29D7EEC /* InsightCard.swift in Sources */ = {isa = PBXBuildFile; fileRef = 485DCE66F7CA99BF79A6ED74 /* InsightCard.swift */; };
		085A35DC2C555E5D4A018A55 /* HealthKitSync.swift in Sources */ = {isa = PBXBuildFile; fileRef = 166EA79A5EA2AD2337466652 /* HealthKitSync.swift */; };
		08834D5BE72AD81107AC523D /* Typography.swift in Sources */ = {isa = PBXBuildFile; fileRef = F2FAEC87B355A27323A83A03 /* Typography.swift */; };
		0A776B090B3DB1A73576E0DD /* PurchaseService.swift in Sources */ = {isa = PBXBuildFile; fileRef = 2562FD1AA6A2028CCFFD5FCD /* PurchaseService.swift */; };
		0AFF5E82E22E04452B6633B2 /* HomeHeader.swift in Sources */ = {isa = PBXBuildFile; fileRef = 5DE84D0AD1B04048AB1C0842 /* HomeHeader.swift */; };
		0B40924D0D9DF43BCBC7DB97 /* HomeCopy.swift in Sources */ = {isa = PBXBuildFile; fileRef = DD05238A7AD209486A30662D /* HomeCopy.swift */; };
		0B9B55F2BC10E29211EDD933 /* BiometricService.swift in Sources */ = {isa = PBXBuildFile; fileRef = 26606241B2914FBE068E6002 /* BiometricService.swift */; };
		16EB808CFA34132806842110 /* RemindersView.swift in Sources */ = {isa = PBXBuildFile; fileRef = 8C3BE2863A48DDAADADBB41A /* RemindersView.swift */; };
		198B7E22DB3A58343EB2D3C0 /* LogView.swift in Sources */ = {isa = PBXBuildFile; fileRef = A3CD687DB1AC6131378EF3DC /* LogView.swift */; };
		1C2D29032B7B1475DC1F3956 /* PaywallTierCard.swift in Sources */ = {isa = PBXBuildFile; fileRef = 8D75446990E0C623E1502BE3 /* PaywallTierCard.swift */; };
		1F6234B85934E61698BF4E68 /* RootView.swift in Sources */ = {isa = PBXBuildFile; fileRef = 44E800768FA8204832859E9A /* RootView.swift */; };
		2A4BB93F918444539A3B01A1 /* ComponentGallery.swift in Sources */ = {isa = PBXBuildFile; fileRef = F9183829E797CC4BEAE95061 /* ComponentGallery.swift */; };
		32BFF0721D36CD13D71CCF8F /* MavieUITests.swift in Sources */ = {isa = PBXBuildFile; fileRef = BC5C272BAC9997C05D909092 /* MavieUITests.swift */; };
		3476CC0389BC9297748686F6 /* UserProfile.swift in Sources */ = {isa = PBXBuildFile; fileRef = 048E217F28A9577E6CA1BB25 /* UserProfile.swift */; };
		375EEFBD1CDD62C33DDB0E10 /* DayDetailSheet.swift in Sources */ = {isa = PBXBuildFile; fileRef = 089BC6CCEE6DABB46946823E /* DayDetailSheet.swift */; };
		38B8D728FBAA88EC984EABBD /* PaywallView.swift in Sources */ = {isa = PBXBuildFile; fileRef = 65F1372EF6BFC9AE2E0B6C87 /* PaywallView.swift */; };
		3E59FBF6D573DDE96568B53B /* MoodChip.swift in Sources */ = {isa = PBXBuildFile; fileRef = 7AB77D121C6C53A9441CA458 /* MoodChip.swift */; };
		3E93B665D826FA168B8594BA /* HomeQuickActions.swift in Sources */ = {isa = PBXBuildFile; fileRef = 8CB3CE13B04414D1A5B09E01 /* HomeQuickActions.swift */; };
		413505EF38142E0539A8D714 /* MavieTests.swift in Sources */ = {isa = PBXBuildFile; fileRef = 6082C91E8D26535106119306 /* MavieTests.swift */; };
		455EF618A5A9632EE52F8EFA /* NotificationService.swift in Sources */ = {isa = PBXBuildFile; fileRef = E3C7451CCA4F2D1404F339E0 /* NotificationService.swift */; };
		45EA5E1DAD1E30EC034E1BC0 /* CalendarMath.swift in Sources */ = {isa = PBXBuildFile; fileRef = 2ED8E1D3A229086BE8813FAD /* CalendarMath.swift */; };
		4C092D945F327C03C6426BB0 /* Color+Mavie.swift in Sources */ = {isa = PBXBuildFile; fileRef = 31FF6283E1CE2DD13A41DF46 /* Color+Mavie.swift */; };
		4E0C83CCB74D665F80475A8C /* OnboardingSteps.swift in Sources */ = {isa = PBXBuildFile; fileRef = EC5F664294EAD5BF7CFC26C6 /* OnboardingSteps.swift */; };
		502C3344BF9CAEC3CF42BD49 /* InsightsEmptyState.swift in Sources */ = {isa = PBXBuildFile; fileRef = F7C75D242FD2D79475FA2835 /* InsightsEmptyState.swift */; };
		51F8193991427516CEA5327A /* CycleAnalytics.swift in Sources */ = {isa = PBXBuildFile; fileRef = BAFFE66B273791B6D826CE8D /* CycleAnalytics.swift */; };
		53949058014DA82FA20F19C3 /* PrivacyChip.swift in Sources */ = {isa = PBXBuildFile; fileRef = 85EF104E047040EC1BBAA3C8 /* PrivacyChip.swift */; };
		58F6A6353A5EDF5FD78E8F0F /* OnboardingScaffold.swift in Sources */ = {isa = PBXBuildFile; fileRef = 11C1D6C927E425BE4612398E /* OnboardingScaffold.swift */; };
		5C623D6823E032C726D6BAC8 /* MavieUITestsLaunchTests.swift in Sources */ = {isa = PBXBuildFile; fileRef = FA7D00CBB5BED5E785D3F7E4 /* MavieUITestsLaunchTests.swift */; };
		6508C8A74EDAC8CA6C3182A1 /* Preview Assets.xcassets in Resources */ = {isa = PBXBuildFile; fileRef = 840FBF404E79FB7133C28F75 /* Preview Assets.xcassets */; };
		676720948A6A7AC975A3AE79 /* PreviewData.swift in Sources */ = {isa = PBXBuildFile; fileRef = 575356844F919041CEB44D0F /* PreviewData.swift */; };
		681DA71411F9796A44E47898 /* Persistence.swift in Sources */ = {isa = PBXBuildFile; fileRef = EA4187B2D16D4E7DE702A118 /* Persistence.swift */; };
		68B217909671B764AE8429D0 /* InsightsStatsGrid.swift in Sources */ = {isa = PBXBuildFile; fileRef = BBB4681DB74D57344061D83B /* InsightsStatsGrid.swift */; };
		6CDD34CF5017F8AE9AB7E888 /* MainTabView.swift in Sources */ = {isa = PBXBuildFile; fileRef = 5D4E2D88EED0D79168C31BCE /* MainTabView.swift */; };
		6D48EB0EDFD50598E8CE7A78 /* CyclePrediction.swift in Sources */ = {isa = PBXBuildFile; fileRef = 002483BC085427902C2AB2BE /* CyclePrediction.swift */; };
		6FBAAAB4A2D320622BCE0D4F /* HomePatternInsight.swift in Sources */ = {isa = PBXBuildFile; fileRef = A436A0450A271AB8E02419C1 /* HomePatternInsight.swift */; };
		73D5B9153EA62104867398FA /* MonthSummaryCard.swift in Sources */ = {isa = PBXBuildFile; fileRef = F39E4458FB99A11167E6B80A /* MonthSummaryCard.swift */; };
		7A01E0C7CC40562B806BC63D /* OnboardingFlow.swift in Sources */ = {isa = PBXBuildFile; fileRef = 765AF33518462963C82DE99A /* OnboardingFlow.swift */; };
		7BC8CC2F29842B1A0EDC08BD /* Assets.xcassets in Resources */ = {isa = PBXBuildFile; fileRef = 85AF89F806C692616AD960CA /* Assets.xcassets */; };
		7EBA398ABBDB4F5C035F4441 /* StatCard.swift in Sources */ = {isa = PBXBuildFile; fileRef = 71CD706D6BD0819CA6AE9576 /* StatCard.swift */; };
		8375873C187A4BC918E6AFD2 /* HealthKitConnectView.swift in Sources */ = {isa = PBXBuildFile; fileRef = 55A4E16E9D3C9A2FAEF8EE74 /* HealthKitConnectView.swift */; };
		83842B1418ACA8F2D4645D9D /* InsightsCharts.swift in Sources */ = {isa = PBXBuildFile; fileRef = 507DF43DC9E0D7C333EE6280 /* InsightsCharts.swift */; };
		843C55FD77761EEFF9CB2F21 /* ExportService.swift in Sources */ = {isa = PBXBuildFile; fileRef = 9022390D9EA5BAC63E700631 /* ExportService.swift */; };
		85531C3D34B34A203159743A /* DayCell.swift in Sources */ = {isa = PBXBuildFile; fileRef = 03C1A2028CDB8963CD70BBFA /* DayCell.swift */; };
		89EE30D8EC7CAC1BC5F46D94 /* CycleRingView.swift in Sources */ = {isa = PBXBuildFile; fileRef = 2D6BD1125D3A805280B15260 /* CycleRingView.swift */; };
		8A65A463A80DCB92346BEDF3 /* Mavie.storekit in Resources */ = {isa = PBXBuildFile; fileRef = DA03A26EA8705041E5E0E527 /* Mavie.storekit */; };
		8C90317322F11F52A9C25898 /* PredictionEngine.swift in Sources */ = {isa = PBXBuildFile; fileRef = 47B0FC088D00A5CF6F48FCD0 /* PredictionEngine.swift */; };
		96C6EFD5759A72F2BD0DCB0A /* HomeComingUp.swift in Sources */ = {isa = PBXBuildFile; fileRef = 3CAB837E0BA0588707912B64 /* HomeComingUp.swift */; };
		99DECCDF9FF07135EB5852A9 /* SettingsRows.swift in Sources */ = {isa = PBXBuildFile; fileRef = 214533C61864DDE91565D435 /* SettingsRows.swift */; };
		A056CC329EF6A45B592ABFBC /* Spacing.swift in Sources */ = {isa = PBXBuildFile; fileRef = F1053C1456A57FD6FD09246A /* Spacing.swift */; };
		A240153389B2A93818F41C22 /* SymptomChip.swift in Sources */ = {isa = PBXBuildFile; fileRef = 04126DC43B3ACC481A709D11 /* SymptomChip.swift */; };
		A3EEE399D4872830C5552B6D /* InsightsView.swift in Sources */ = {isa = PBXBuildFile; fileRef = 33A2DAC53E8C6D68C4D21150 /* InsightsView.swift */; };
		ABE98E43F15622C7B392202F /* ToggleCard.swift in Sources */ = {isa = PBXBuildFile; fileRef = 91BE5AC5136439A7607B7248 /* ToggleCard.swift */; };
		ADE38D413E77AD678D4DBA55 /* CalendarView.swift in Sources */ = {isa = PBXBuildFile; fileRef = E79A7D076E653EFAFAB50101 /* CalendarView.swift */; };
		AE1A89B71B1CF72B0A6A453D /* DailyLogForm.swift in Sources */ = {isa = PBXBuildFile; fileRef = 6E504DB3C093E1B88F5E43D4 /* DailyLogForm.swift */; };
		AE4D240BD55F5040E00CE48B /* Shadows.swift in Sources */ = {isa = PBXBuildFile; fileRef = C59D90DF27B3A6FD3B4BE169 /* Shadows.swift */; };
		AF53105B85323BEED6820B8B /* PatternsSection.swift in Sources */ = {isa = PBXBuildFile; fileRef = C88212A52417AA4D3A899191 /* PatternsSection.swift */; };
		B4B3492B3A1CD0A287B1501B /* HealthKitService.swift in Sources */ = {isa = PBXBuildFile; fileRef = 619FF8757898C4792FB6AC0F /* HealthKitService.swift */; };
		BB31F1F5F7D4D8B2A29E7167 /* OnboardingStep.swift in Sources */ = {isa = PBXBuildFile; fileRef = 2B193899A08FED788979FF16 /* OnboardingStep.swift */; };
		BCB5334AF18B6FE93F8C1759 /* DesignSystemPreview.swift in Sources */ = {isa = PBXBuildFile; fileRef = 01A9ADCC85A4152BCD1CF311 /* DesignSystemPreview.swift */; };
		BFEE1409B28D8A4EBBC1A20C /* AppLockGate.swift in Sources */ = {isa = PBXBuildFile; fileRef = B8E0EF53086EBCF43BEE9B62 /* AppLockGate.swift */; };
		C1CF6333DD10E5DEF1FA6D82 /* QuickActionButton.swift in Sources */ = {isa = PBXBuildFile; fileRef = 33EC866AF98FC19A3CA8B5D6 /* QuickActionButton.swift */; };
		C3D626E4FAB5BBB33F904443 /* HomeMoodCheckIn.swift in Sources */ = {isa = PBXBuildFile; fileRef = A3A6B8DF8A37700CAFE9A6C2 /* HomeMoodCheckIn.swift */; };
		C5A0B2888BEDDF40B5003C5A /* MavieApp.swift in Sources */ = {isa = PBXBuildFile; fileRef = 65B417F556FED2CD6972F463 /* MavieApp.swift */; };
		C969E67EA95464BE37BF5B84 /* ExportView.swift in Sources */ = {isa = PBXBuildFile; fileRef = 06CFC5E48284BB29C5336F61 /* ExportView.swift */; };
		CB1C845FA11F838E8DBCD2CF /* DataStatusCard.swift in Sources */ = {isa = PBXBuildFile; fileRef = A0692964E06D6CF3B761E4C5 /* DataStatusCard.swift */; };
		D0217AA7F30EBE2446F7A584 /* HomeView.swift in Sources */ = {isa = PBXBuildFile; fileRef = 4680291850944DF9C8578C5F /* HomeView.swift */; };
		D14C0F5D49064AE0854762E3 /* MonthGridView.swift in Sources */ = {isa = PBXBuildFile; fileRef = 2EF44766FC445126F3636148 /* MonthGridView.swift */; };
		D5DECA26FC1778F5BAC89C39 /* CycleEntry.swift in Sources */ = {isa = PBXBuildFile; fileRef = 26616A0A691A426301B6AA72 /* CycleEntry.swift */; };
		DC22E9EDFEA3C4C2115AF5BA /* AppPreviewMask.swift in Sources */ = {isa = PBXBuildFile; fileRef = C25FC9F8863E5B674C0198BE /* AppPreviewMask.swift */; };
		E0E74177EF81D7F9981C9C03 /* SettingsView.swift in Sources */ = {isa = PBXBuildFile; fileRef = 394E0DD42256B3EF7A08CB4A /* SettingsView.swift */; };
		E2E8EC5B8A34730696421AEA /* MavieCard.swift in Sources */ = {isa = PBXBuildFile; fileRef = 45670FDCE91C197F219F4B7B /* MavieCard.swift */; };
		E8C5969AA3DD5BC287C4BA97 /* ContentView.swift in Sources */ = {isa = PBXBuildFile; fileRef = 2F9F926F2511FF38817F76A0 /* ContentView.swift */; };
		ED331023DBD9BB944BF46C26 /* GoalCard.swift in Sources */ = {isa = PBXBuildFile; fileRef = C252748BC88D9AA4FA55C037 /* GoalCard.swift */; };
		ED537FE4D941015C9F96B602 /* MavieButton.swift in Sources */ = {isa = PBXBuildFile; fileRef = C7FF15AAC8249353DAD172F9 /* MavieButton.swift */; };
		F1AC176F9D56639C5C0752AF /* Enums.swift in Sources */ = {isa = PBXBuildFile; fileRef = F5D3CF9944AEB0891FA3D6F5 /* Enums.swift */; };
		F3B040269A3D6123E711C7F3 /* SettingsPickerSheets.swift in Sources */ = {isa = PBXBuildFile; fileRef = 66C9C34EA57C79D360872196 /* SettingsPickerSheets.swift */; };
		F96CBF5DD48C4566EC44B9F2 /* Shapes.swift in Sources */ = {isa = PBXBuildFile; fileRef = 48057FC309D4D76408AE86EC /* Shapes.swift */; };
		F97405DAB4D2D9562FD3D64C /* OnboardingViewModel.swift in Sources */ = {isa = PBXBuildFile; fileRef = E21643CDD09AE69FDDA3AD02 /* OnboardingViewModel.swift */; };
		FDAD947F31FD8C2D2F06B37A /* HomeHeroCard.swift in Sources */ = {isa = PBXBuildFile; fileRef = 805B7ECF8E9379F65B8465EF /* HomeHeroCard.swift */; };
/* End PBXBuildFile section */

/* Begin PBXContainerItemProxy section */
		628BA96CF53DFF583A9E7EB2 /* PBXContainerItemProxy */ = {
			isa = PBXContainerItemProxy;
			containerPortal = F5D3D9430000A02B51A96D8A /* Project object */;
			proxyType = 1;
			remoteGlobalIDString = 410CE2C3EBA2ABF395139BB7;
			remoteInfo = Mavie;
		};
		AA93A44B4C01CF1A82EBA6C1 /* PBXContainerItemProxy */ = {
			isa = PBXContainerItemProxy;
			containerPortal = F5D3D9430000A02B51A96D8A /* Project object */;
			proxyType = 1;
			remoteGlobalIDString = 410CE2C3EBA2ABF395139BB7;
			remoteInfo = Mavie;
		};
/* End PBXContainerItemProxy section */

/* Begin PBXFileReference section */
		002483BC085427902C2AB2BE /* CyclePrediction.swift */ = {isa = PBXFileReference; lastKnownFileType = sourcecode.swift; path = CyclePrediction.swift; sourceTree = "<group>"; };
		01A9ADCC85A4152BCD1CF311 /* DesignSystemPreview.swift */ = {isa = PBXFileReference; lastKnownFileType = sourcecode.swift; path = DesignSystemPreview.swift; sourceTree = "<group>"; };
		03C1A2028CDB8963CD70BBFA /* DayCell.swift */ = {isa = PBXFileReference; lastKnownFileType = sourcecode.swift; path = DayCell.swift; sourceTree = "<group>"; };
		04126DC43B3ACC481A709D11 /* SymptomChip.swift */ = {isa = PBXFileReference; lastKnownFileType = sourcecode.swift; path = SymptomChip.swift; sourceTree = "<group>"; };
		048E217F28A9577E6CA1BB25 /* UserProfile.swift */ = {isa = PBXFileReference; lastKnownFileType = sourcecode.swift; path = UserProfile.swift; sourceTree = "<group>"; };
		06CFC5E48284BB29C5336F61 /* ExportView.swift */ = {isa = PBXFileReference; lastKnownFileType = sourcecode.swift; path = ExportView.swift; sourceTree = "<group>"; };
		089BC6CCEE6DABB46946823E /* DayDetailSheet.swift */ = {isa = PBXFileReference; lastKnownFileType = sourcecode.swift; path = DayDetailSheet.swift; sourceTree = "<group>"; };
		0F55493705D1592BAB54DE3F /* .gitkeep */ = {isa = PBXFileReference; path = .gitkeep; sourceTree = "<group>"; };
		11C1D6C927E425BE4612398E /* OnboardingScaffold.swift */ = {isa = PBXFileReference; lastKnownFileType = sourcecode.swift; path = OnboardingScaffold.swift; sourceTree = "<group>"; };
		166EA79A5EA2AD2337466652 /* HealthKitSync.swift */ = {isa = PBXFileReference; lastKnownFileType = sourcecode.swift; path = HealthKitSync.swift; sourceTree = "<group>"; };
		214533C61864DDE91565D435 /* SettingsRows.swift */ = {isa = PBXFileReference; lastKnownFileType = sourcecode.swift; path = SettingsRows.swift; sourceTree = "<group>"; };
		2392C1DAB594A25CF078DBFF /* .gitkeep */ = {isa = PBXFileReference; path = .gitkeep; sourceTree = "<group>"; };
		2562FD1AA6A2028CCFFD5FCD /* PurchaseService.swift */ = {isa = PBXFileReference; lastKnownFileType = sourcecode.swift; path = PurchaseService.swift; sourceTree = "<group>"; };
		26606241B2914FBE068E6002 /* BiometricService.swift */ = {isa = PBXFileReference; lastKnownFileType = sourcecode.swift; path = BiometricService.swift; sourceTree = "<group>"; };
		26616A0A691A426301B6AA72 /* CycleEntry.swift */ = {isa = PBXFileReference; lastKnownFileType = sourcecode.swift; path = CycleEntry.swift; sourceTree = "<group>"; };
		2B193899A08FED788979FF16 /* OnboardingStep.swift */ = {isa = PBXFileReference; lastKnownFileType = sourcecode.swift; path = OnboardingStep.swift; sourceTree = "<group>"; };
		2D6BD1125D3A805280B15260 /* CycleRingView.swift */ = {isa = PBXFileReference; lastKnownFileType = sourcecode.swift; path = CycleRingView.swift; sourceTree = "<group>"; };
		2ED8E1D3A229086BE8813FAD /* CalendarMath.swift */ = {isa = PBXFileReference; lastKnownFileType = sourcecode.swift; path = CalendarMath.swift; sourceTree = "<group>"; };
		2EF44766FC445126F3636148 /* MonthGridView.swift */ = {isa = PBXFileReference; lastKnownFileType = sourcecode.swift; path = MonthGridView.swift; sourceTree = "<group>"; };
		2F9F926F2511FF38817F76A0 /* ContentView.swift */ = {isa = PBXFileReference; lastKnownFileType = sourcecode.swift; path = ContentView.swift; sourceTree = "<group>"; };
		31FF6283E1CE2DD13A41DF46 /* Color+Mavie.swift */ = {isa = PBXFileReference; lastKnownFileType = sourcecode.swift; path = "Color+Mavie.swift"; sourceTree = "<group>"; };
		33A2DAC53E8C6D68C4D21150 /* InsightsView.swift */ = {isa = PBXFileReference; lastKnownFileType = sourcecode.swift; path = InsightsView.swift; sourceTree = "<group>"; };
		33EC866AF98FC19A3CA8B5D6 /* QuickActionButton.swift */ = {isa = PBXFileReference; lastKnownFileType = sourcecode.swift; path = QuickActionButton.swift; sourceTree = "<group>"; };
		394E0DD42256B3EF7A08CB4A /* SettingsView.swift */ = {isa = PBXFileReference; lastKnownFileType = sourcecode.swift; path = SettingsView.swift; sourceTree = "<group>"; };
		3CAB837E0BA0588707912B64 /* HomeComingUp.swift */ = {isa = PBXFileReference; lastKnownFileType = sourcecode.swift; path = HomeComingUp.swift; sourceTree = "<group>"; };
		3CAFCF46D8C7EEC639A3FEF6 /* .gitkeep */ = {isa = PBXFileReference; path = .gitkeep; sourceTree = "<group>"; };
		3EBA0266F75BB4050BB17761 /* .gitkeep */ = {isa = PBXFileReference; path = .gitkeep; sourceTree = "<group>"; };
		44E800768FA8204832859E9A /* RootView.swift */ = {isa = PBXFileReference; lastKnownFileType = sourcecode.swift; path = RootView.swift; sourceTree = "<group>"; };
		45670FDCE91C197F219F4B7B /* MavieCard.swift */ = {isa = PBXFileReference; lastKnownFileType = sourcecode.swift; path = MavieCard.swift; sourceTree = "<group>"; };
		4680291850944DF9C8578C5F /* HomeView.swift */ = {isa = PBXFileReference; lastKnownFileType = sourcecode.swift; path = HomeView.swift; sourceTree = "<group>"; };
		47B0FC088D00A5CF6F48FCD0 /* PredictionEngine.swift */ = {isa = PBXFileReference; lastKnownFileType = sourcecode.swift; path = PredictionEngine.swift; sourceTree = "<group>"; };
		48057FC309D4D76408AE86EC /* Shapes.swift */ = {isa = PBXFileReference; lastKnownFileType = sourcecode.swift; path = Shapes.swift; sourceTree = "<group>"; };
		485DCE66F7CA99BF79A6ED74 /* InsightCard.swift */ = {isa = PBXFileReference; lastKnownFileType = sourcecode.swift; path = InsightCard.swift; sourceTree = "<group>"; };
		4B0C46A6E83BAF5E37D2EC16 /* MavieUITests.xctest */ = {isa = PBXFileReference; includeInIndex = 0; lastKnownFileType = wrapper.cfbundle; path = MavieUITests.xctest; sourceTree = BUILT_PRODUCTS_DIR; };
		507DF43DC9E0D7C333EE6280 /* InsightsCharts.swift */ = {isa = PBXFileReference; lastKnownFileType = sourcecode.swift; path = InsightsCharts.swift; sourceTree = "<group>"; };
		55A4E16E9D3C9A2FAEF8EE74 /* HealthKitConnectView.swift */ = {isa = PBXFileReference; lastKnownFileType = sourcecode.swift; path = HealthKitConnectView.swift; sourceTree = "<group>"; };
		575356844F919041CEB44D0F /* PreviewData.swift */ = {isa = PBXFileReference; lastKnownFileType = sourcecode.swift; path = PreviewData.swift; sourceTree = "<group>"; };
		579DA9A9B90B604B6C347A04 /* .gitkeep */ = {isa = PBXFileReference; path = .gitkeep; sourceTree = "<group>"; };
		5CF5CFA1345EC46B455E2E60 /* .gitkeep */ = {isa = PBXFileReference; path = .gitkeep; sourceTree = "<group>"; };
		5D4E2D88EED0D79168C31BCE /* MainTabView.swift */ = {isa = PBXFileReference; lastKnownFileType = sourcecode.swift; path = MainTabView.swift; sourceTree = "<group>"; };
		5DE84D0AD1B04048AB1C0842 /* HomeHeader.swift */ = {isa = PBXFileReference; lastKnownFileType = sourcecode.swift; path = HomeHeader.swift; sourceTree = "<group>"; };
		5F640251E18D1113EAC4C59D /* MavieTests.xctest */ = {isa = PBXFileReference; includeInIndex = 0; lastKnownFileType = wrapper.cfbundle; path = MavieTests.xctest; sourceTree = BUILT_PRODUCTS_DIR; };
		6082C91E8D26535106119306 /* MavieTests.swift */ = {isa = PBXFileReference; lastKnownFileType = sourcecode.swift; path = MavieTests.swift; sourceTree = "<group>"; };
		619FF8757898C4792FB6AC0F /* HealthKitService.swift */ = {isa = PBXFileReference; lastKnownFileType = sourcecode.swift; path = HealthKitService.swift; sourceTree = "<group>"; };
		65B417F556FED2CD6972F463 /* MavieApp.swift */ = {isa = PBXFileReference; lastKnownFileType = sourcecode.swift; path = MavieApp.swift; sourceTree = "<group>"; };
		65F1372EF6BFC9AE2E0B6C87 /* PaywallView.swift */ = {isa = PBXFileReference; lastKnownFileType = sourcecode.swift; path = PaywallView.swift; sourceTree = "<group>"; };
		66C9C34EA57C79D360872196 /* SettingsPickerSheets.swift */ = {isa = PBXFileReference; lastKnownFileType = sourcecode.swift; path = SettingsPickerSheets.swift; sourceTree = "<group>"; };
		6B4741BB77F7F27DC460613E /* .gitkeep */ = {isa = PBXFileReference; path = .gitkeep; sourceTree = "<group>"; };
		6E504DB3C093E1B88F5E43D4 /* DailyLogForm.swift */ = {isa = PBXFileReference; lastKnownFileType = sourcecode.swift; path = DailyLogForm.swift; sourceTree = "<group>"; };
		71CD706D6BD0819CA6AE9576 /* StatCard.swift */ = {isa = PBXFileReference; lastKnownFileType = sourcecode.swift; path = StatCard.swift; sourceTree = "<group>"; };
		765AF33518462963C82DE99A /* OnboardingFlow.swift */ = {isa = PBXFileReference; lastKnownFileType = sourcecode.swift; path = OnboardingFlow.swift; sourceTree = "<group>"; };
		7AB77D121C6C53A9441CA458 /* MoodChip.swift */ = {isa = PBXFileReference; lastKnownFileType = sourcecode.swift; path = MoodChip.swift; sourceTree = "<group>"; };
		805B7ECF8E9379F65B8465EF /* HomeHeroCard.swift */ = {isa = PBXFileReference; lastKnownFileType = sourcecode.swift; path = HomeHeroCard.swift; sourceTree = "<group>"; };
		840FBF404E79FB7133C28F75 /* Preview Assets.xcassets */ = {isa = PBXFileReference; lastKnownFileType = folder.assetcatalog; path = "Preview Assets.xcassets"; sourceTree = "<group>"; };
		85AF89F806C692616AD960CA /* Assets.xcassets */ = {isa = PBXFileReference; lastKnownFileType = folder.assetcatalog; path = Assets.xcassets; sourceTree = "<group>"; };
		85EF104E047040EC1BBAA3C8 /* PrivacyChip.swift */ = {isa = PBXFileReference; lastKnownFileType = sourcecode.swift; path = PrivacyChip.swift; sourceTree = "<group>"; };
		8C3BE2863A48DDAADADBB41A /* RemindersView.swift */ = {isa = PBXFileReference; lastKnownFileType = sourcecode.swift; path = RemindersView.swift; sourceTree = "<group>"; };
		8CB3CE13B04414D1A5B09E01 /* HomeQuickActions.swift */ = {isa = PBXFileReference; lastKnownFileType = sourcecode.swift; path = HomeQuickActions.swift; sourceTree = "<group>"; };
		8D75446990E0C623E1502BE3 /* PaywallTierCard.swift */ = {isa = PBXFileReference; lastKnownFileType = sourcecode.swift; path = PaywallTierCard.swift; sourceTree = "<group>"; };
		9022390D9EA5BAC63E700631 /* ExportService.swift */ = {isa = PBXFileReference; lastKnownFileType = sourcecode.swift; path = ExportService.swift; sourceTree = "<group>"; };
		91BE5AC5136439A7607B7248 /* ToggleCard.swift */ = {isa = PBXFileReference; lastKnownFileType = sourcecode.swift; path = ToggleCard.swift; sourceTree = "<group>"; };
		A0692964E06D6CF3B761E4C5 /* DataStatusCard.swift */ = {isa = PBXFileReference; lastKnownFileType = sourcecode.swift; path = DataStatusCard.swift; sourceTree = "<group>"; };
		A3A6B8DF8A37700CAFE9A6C2 /* HomeMoodCheckIn.swift */ = {isa = PBXFileReference; lastKnownFileType = sourcecode.swift; path = HomeMoodCheckIn.swift; sourceTree = "<group>"; };
		A3CD687DB1AC6131378EF3DC /* LogView.swift */ = {isa = PBXFileReference; lastKnownFileType = sourcecode.swift; path = LogView.swift; sourceTree = "<group>"; };
		A436A0450A271AB8E02419C1 /* HomePatternInsight.swift */ = {isa = PBXFileReference; lastKnownFileType = sourcecode.swift; path = HomePatternInsight.swift; sourceTree = "<group>"; };
		AC05A76E6181C4578C123B2D /* Mavie.entitlements */ = {isa = PBXFileReference; lastKnownFileType = text.plist.entitlements; path = Mavie.entitlements; sourceTree = "<group>"; };
		AD4A8E05406767D814921FD9 /* .gitkeep */ = {isa = PBXFileReference; path = .gitkeep; sourceTree = "<group>"; };
		B8342950B727588C93394B12 /* .gitkeep */ = {isa = PBXFileReference; path = .gitkeep; sourceTree = "<group>"; };
		B8E0EF53086EBCF43BEE9B62 /* AppLockGate.swift */ = {isa = PBXFileReference; lastKnownFileType = sourcecode.swift; path = AppLockGate.swift; sourceTree = "<group>"; };
		BAFFE66B273791B6D826CE8D /* CycleAnalytics.swift */ = {isa = PBXFileReference; lastKnownFileType = sourcecode.swift; path = CycleAnalytics.swift; sourceTree = "<group>"; };
		BBB4681DB74D57344061D83B /* InsightsStatsGrid.swift */ = {isa = PBXFileReference; lastKnownFileType = sourcecode.swift; path = InsightsStatsGrid.swift; sourceTree = "<group>"; };
		BC5C272BAC9997C05D909092 /* MavieUITests.swift */ = {isa = PBXFileReference; lastKnownFileType = sourcecode.swift; path = MavieUITests.swift; sourceTree = "<group>"; };
		C252748BC88D9AA4FA55C037 /* GoalCard.swift */ = {isa = PBXFileReference; lastKnownFileType = sourcecode.swift; path = GoalCard.swift; sourceTree = "<group>"; };
		C25FC9F8863E5B674C0198BE /* AppPreviewMask.swift */ = {isa = PBXFileReference; lastKnownFileType = sourcecode.swift; path = AppPreviewMask.swift; sourceTree = "<group>"; };
		C59D90DF27B3A6FD3B4BE169 /* Shadows.swift */ = {isa = PBXFileReference; lastKnownFileType = sourcecode.swift; path = Shadows.swift; sourceTree = "<group>"; };
		C7FF15AAC8249353DAD172F9 /* MavieButton.swift */ = {isa = PBXFileReference; lastKnownFileType = sourcecode.swift; path = MavieButton.swift; sourceTree = "<group>"; };
		C88212A52417AA4D3A899191 /* PatternsSection.swift */ = {isa = PBXFileReference; lastKnownFileType = sourcecode.swift; path = PatternsSection.swift; sourceTree = "<group>"; };
		D9E44CEFBE94981ED7EA867F /* Mavie.app */ = {isa = PBXFileReference; includeInIndex = 0; lastKnownFileType = wrapper.application; path = Mavie.app; sourceTree = BUILT_PRODUCTS_DIR; };
		DA03A26EA8705041E5E0E527 /* Mavie.storekit */ = {isa = PBXFileReference; path = Mavie.storekit; sourceTree = "<group>"; };
		DD05238A7AD209486A30662D /* HomeCopy.swift */ = {isa = PBXFileReference; lastKnownFileType = sourcecode.swift; path = HomeCopy.swift; sourceTree = "<group>"; };
		E21643CDD09AE69FDDA3AD02 /* OnboardingViewModel.swift */ = {isa = PBXFileReference; lastKnownFileType = sourcecode.swift; path = OnboardingViewModel.swift; sourceTree = "<group>"; };
		E3C7451CCA4F2D1404F339E0 /* NotificationService.swift */ = {isa = PBXFileReference; lastKnownFileType = sourcecode.swift; path = NotificationService.swift; sourceTree = "<group>"; };
		E79A7D076E653EFAFAB50101 /* CalendarView.swift */ = {isa = PBXFileReference; lastKnownFileType = sourcecode.swift; path = CalendarView.swift; sourceTree = "<group>"; };
		E9FBC458919B7A5DF91703F7 /* .gitkeep */ = {isa = PBXFileReference; path = .gitkeep; sourceTree = "<group>"; };
		EA4187B2D16D4E7DE702A118 /* Persistence.swift */ = {isa = PBXFileReference; lastKnownFileType = sourcecode.swift; path = Persistence.swift; sourceTree = "<group>"; };
		EC5F664294EAD5BF7CFC26C6 /* OnboardingSteps.swift */ = {isa = PBXFileReference; lastKnownFileType = sourcecode.swift; path = OnboardingSteps.swift; sourceTree = "<group>"; };
		EE5CC4617D123212BF2C2471 /* OnboardingProgress.swift */ = {isa = PBXFileReference; lastKnownFileType = sourcecode.swift; path = OnboardingProgress.swift; sourceTree = "<group>"; };
		F08C058AF44DDE420D846911 /* SectionHeader.swift */ = {isa = PBXFileReference; lastKnownFileType = sourcecode.swift; path = SectionHeader.swift; sourceTree = "<group>"; };
		F1053C1456A57FD6FD09246A /* Spacing.swift */ = {isa = PBXFileReference; lastKnownFileType = sourcecode.swift; path = Spacing.swift; sourceTree = "<group>"; };
		F2FAEC87B355A27323A83A03 /* Typography.swift */ = {isa = PBXFileReference; lastKnownFileType = sourcecode.swift; path = Typography.swift; sourceTree = "<group>"; };
		F39E4458FB99A11167E6B80A /* MonthSummaryCard.swift */ = {isa = PBXFileReference; lastKnownFileType = sourcecode.swift; path = MonthSummaryCard.swift; sourceTree = "<group>"; };
		F5BE37F05C92D23805C5D294 /* .gitkeep */ = {isa = PBXFileReference; path = .gitkeep; sourceTree = "<group>"; };
		F5D3CF9944AEB0891FA3D6F5 /* Enums.swift */ = {isa = PBXFileReference; lastKnownFileType = sourcecode.swift; path = Enums.swift; sourceTree = "<group>"; };
		F7C75D242FD2D79475FA2835 /* InsightsEmptyState.swift */ = {isa = PBXFileReference; lastKnownFileType = sourcecode.swift; path = InsightsEmptyState.swift; sourceTree = "<group>"; };
		F9183829E797CC4BEAE95061 /* ComponentGallery.swift */ = {isa = PBXFileReference; lastKnownFileType = sourcecode.swift; path = ComponentGallery.swift; sourceTree = "<group>"; };
		FA7D00CBB5BED5E785D3F7E4 /* MavieUITestsLaunchTests.swift */ = {isa = PBXFileReference; lastKnownFileType = sourcecode.swift; path = MavieUITestsLaunchTests.swift; sourceTree = "<group>"; };
		FC08912DC52B2FAF1747F884 /* .gitkeep */ = {isa = PBXFileReference; path = .gitkeep; sourceTree = "<group>"; };
/* End PBXFileReference section */

/* Begin PBXGroup section */
		15959B2A19A6E6CD9EF9557B /* Models */ = {
			isa = PBXGroup;
			children = (
				0F55493705D1592BAB54DE3F /* .gitkeep */,
				26616A0A691A426301B6AA72 /* CycleEntry.swift */,
				002483BC085427902C2AB2BE /* CyclePrediction.swift */,
				F5D3CF9944AEB0891FA3D6F5 /* Enums.swift */,
				048E217F28A9577E6CA1BB25 /* UserProfile.swift */,
			);
			path = Models;
			sourceTree = "<group>";
		};
		3BCD9B560F5C5E06769BAD87 /* Calendar */ = {
			isa = PBXGroup;
			children = (
				F5BE37F05C92D23805C5D294 /* .gitkeep */,
				2ED8E1D3A229086BE8813FAD /* CalendarMath.swift */,
				E79A7D076E653EFAFAB50101 /* CalendarView.swift */,
				03C1A2028CDB8963CD70BBFA /* DayCell.swift */,
				089BC6CCEE6DABB46946823E /* DayDetailSheet.swift */,
				2EF44766FC445126F3636148 /* MonthGridView.swift */,
				F39E4458FB99A11167E6B80A /* MonthSummaryCard.swift */,
			);
			path = Calendar;
			sourceTree = "<group>";
		};
		3DADA631DB301A904DD2648D /* Resources */ = {
			isa = PBXGroup;
			children = (
				85AF89F806C692616AD960CA /* Assets.xcassets */,
				DA03A26EA8705041E5E0E527 /* Mavie.storekit */,
			);
			path = Resources;
			sourceTree = "<group>";
		};
		3F5FBE0248070F8F719B81F1 /* Home */ = {
			isa = PBXGroup;
			children = (
				E9FBC458919B7A5DF91703F7 /* .gitkeep */,
				3CAB837E0BA0588707912B64 /* HomeComingUp.swift */,
				DD05238A7AD209486A30662D /* HomeCopy.swift */,
				5DE84D0AD1B04048AB1C0842 /* HomeHeader.swift */,
				805B7ECF8E9379F65B8465EF /* HomeHeroCard.swift */,
				A3A6B8DF8A37700CAFE9A6C2 /* HomeMoodCheckIn.swift */,
				A436A0450A271AB8E02419C1 /* HomePatternInsight.swift */,
				8CB3CE13B04414D1A5B09E01 /* HomeQuickActions.swift */,
				4680291850944DF9C8578C5F /* HomeView.swift */,
			);
			path = Home;
			sourceTree = "<group>";
		};
		52FAD539FA86D1BB48231720 /* MavieUITests */ = {
			isa = PBXGroup;
			children = (
				BC5C272BAC9997C05D909092 /* MavieUITests.swift */,
				FA7D00CBB5BED5E785D3F7E4 /* MavieUITestsLaunchTests.swift */,
			);
			path = MavieUITests;
			sourceTree = "<group>";
		};
		54253F6E011EC145B4E5960E /* Views */ = {
			isa = PBXGroup;
			children = (
				5D4E2D88EED0D79168C31BCE /* MainTabView.swift */,
				44E800768FA8204832859E9A /* RootView.swift */,
				3BCD9B560F5C5E06769BAD87 /* Calendar */,
				3F5FBE0248070F8F719B81F1 /* Home */,
				BC09B657FF27E0351BA33D9B /* Insights */,
				9FBA6F2806CFD763CE4B2A69 /* Log */,
				AFA654FD3B2AA67BE910E4C9 /* Main */,
				9063907F6FFE0A9333044A92 /* Onboarding */,
				A39D149A47627E546941E51A /* Premium */,
				B86B0D94EA2558B1CD27C9E5 /* Settings */,
			);
			path = Views;
			sourceTree = "<group>";
		};
		5E608DE9809659B2ADEDC78B /* Preview Content */ = {
			isa = PBXGroup;
			children = (
				840FBF404E79FB7133C28F75 /* Preview Assets.xcassets */,
			);
			path = "Preview Content";
			sourceTree = "<group>";
		};
		618D71FF203E1C1151F419F0 /* Components */ = {
			isa = PBXGroup;
			children = (
				C252748BC88D9AA4FA55C037 /* GoalCard.swift */,
				EE5CC4617D123212BF2C2471 /* OnboardingProgress.swift */,
				11C1D6C927E425BE4612398E /* OnboardingScaffold.swift */,
				91BE5AC5136439A7607B7248 /* ToggleCard.swift */,
			);
			path = Components;
			sourceTree = "<group>";
		};
		692CA7E79C2DFB623ED3F545 /* Mavie */ = {
			isa = PBXGroup;
			children = (
				AC05A76E6181C4578C123B2D /* Mavie.entitlements */,
				C985BCD5ACB109ACC081F8A0 /* App */,
				D582AE5C4E8CACC703C250D6 /* Components */,
				CDCFA4C8F547A72EA194AD24 /* Mock */,
				15959B2A19A6E6CD9EF9557B /* Models */,
				5E608DE9809659B2ADEDC78B /* Preview Content */,
				3DADA631DB301A904DD2648D /* Resources */,
				8EBADF444AA2C97C12B4DBCE /* Services */,
				80EC2C065FFDA30BCF1F5D43 /* Theme */,
				54253F6E011EC145B4E5960E /* Views */,
			);
			path = Mavie;
			sourceTree = "<group>";
		};
		80EC2C065FFDA30BCF1F5D43 /* Theme */ = {
			isa = PBXGroup;
			children = (
				3EBA0266F75BB4050BB17761 /* .gitkeep */,
				31FF6283E1CE2DD13A41DF46 /* Color+Mavie.swift */,
				01A9ADCC85A4152BCD1CF311 /* DesignSystemPreview.swift */,
				C59D90DF27B3A6FD3B4BE169 /* Shadows.swift */,
				48057FC309D4D76408AE86EC /* Shapes.swift */,
				F1053C1456A57FD6FD09246A /* Spacing.swift */,
				F2FAEC87B355A27323A83A03 /* Typography.swift */,
			);
			path = Theme;
			sourceTree = "<group>";
		};
		8A64BD2D8C66374E1FF29895 = {
			isa = PBXGroup;
			children = (
				692CA7E79C2DFB623ED3F545 /* Mavie */,
				D1C394A934DEFA37FB6C24C5 /* MavieTests */,
				52FAD539FA86D1BB48231720 /* MavieUITests */,
				D2F32C7800F4D93E81CC2AB7 /* Products */,
			);
			sourceTree = "<group>";
		};
		8EBADF444AA2C97C12B4DBCE /* Services */ = {
			isa = PBXGroup;
			children = (
				6B4741BB77F7F27DC460613E /* .gitkeep */,
				26606241B2914FBE068E6002 /* BiometricService.swift */,
				BAFFE66B273791B6D826CE8D /* CycleAnalytics.swift */,
				9022390D9EA5BAC63E700631 /* ExportService.swift */,
				619FF8757898C4792FB6AC0F /* HealthKitService.swift */,
				166EA79A5EA2AD2337466652 /* HealthKitSync.swift */,
				E3C7451CCA4F2D1404F339E0 /* NotificationService.swift */,
				EA4187B2D16D4E7DE702A118 /* Persistence.swift */,
				47B0FC088D00A5CF6F48FCD0 /* PredictionEngine.swift */,
				2562FD1AA6A2028CCFFD5FCD /* PurchaseService.swift */,
			);
			path = Services;
			sourceTree = "<group>";
		};
		9063907F6FFE0A9333044A92 /* Onboarding */ = {
			isa = PBXGroup;
			children = (
				2392C1DAB594A25CF078DBFF /* .gitkeep */,
				765AF33518462963C82DE99A /* OnboardingFlow.swift */,
				2B193899A08FED788979FF16 /* OnboardingStep.swift */,
				EC5F664294EAD5BF7CFC26C6 /* OnboardingSteps.swift */,
				E21643CDD09AE69FDDA3AD02 /* OnboardingViewModel.swift */,
				618D71FF203E1C1151F419F0 /* Components */,
			);
			path = Onboarding;
			sourceTree = "<group>";
		};
		9FBA6F2806CFD763CE4B2A69 /* Log */ = {
			isa = PBXGroup;
			children = (
				FC08912DC52B2FAF1747F884 /* .gitkeep */,
				6E504DB3C093E1B88F5E43D4 /* DailyLogForm.swift */,
				A3CD687DB1AC6131378EF3DC /* LogView.swift */,
			);
			path = Log;
			sourceTree = "<group>";
		};
		A39D149A47627E546941E51A /* Premium */ = {
			isa = PBXGroup;
			children = (
				579DA9A9B90B604B6C347A04 /* .gitkeep */,
				8D75446990E0C623E1502BE3 /* PaywallTierCard.swift */,
				65F1372EF6BFC9AE2E0B6C87 /* PaywallView.swift */,
			);
			path = Premium;
			sourceTree = "<group>";
		};
		AFA654FD3B2AA67BE910E4C9 /* Main */ = {
			isa = PBXGroup;
			children = (
				B8E0EF53086EBCF43BEE9B62 /* AppLockGate.swift */,
				C25FC9F8863E5B674C0198BE /* AppPreviewMask.swift */,
			);
			path = Main;
			sourceTree = "<group>";
		};
		B86B0D94EA2558B1CD27C9E5 /* Settings */ = {
			isa = PBXGroup;
			children = (
				AD4A8E05406767D814921FD9 /* .gitkeep */,
				06CFC5E48284BB29C5336F61 /* ExportView.swift */,
				55A4E16E9D3C9A2FAEF8EE74 /* HealthKitConnectView.swift */,
				8C3BE2863A48DDAADADBB41A /* RemindersView.swift */,
				66C9C34EA57C79D360872196 /* SettingsPickerSheets.swift */,
				214533C61864DDE91565D435 /* SettingsRows.swift */,
				394E0DD42256B3EF7A08CB4A /* SettingsView.swift */,
			);
			path = Settings;
			sourceTree = "<group>";
		};
		BC09B657FF27E0351BA33D9B /* Insights */ = {
			isa = PBXGroup;
			children = (
				5CF5CFA1345EC46B455E2E60 /* .gitkeep */,
				507DF43DC9E0D7C333EE6280 /* InsightsCharts.swift */,
				F7C75D242FD2D79475FA2835 /* InsightsEmptyState.swift */,
				BBB4681DB74D57344061D83B /* InsightsStatsGrid.swift */,
				33A2DAC53E8C6D68C4D21150 /* InsightsView.swift */,
				C88212A52417AA4D3A899191 /* PatternsSection.swift */,
			);
			path = Insights;
			sourceTree = "<group>";
		};
		C985BCD5ACB109ACC081F8A0 /* App */ = {
			isa = PBXGroup;
			children = (
				2F9F926F2511FF38817F76A0 /* ContentView.swift */,
				65B417F556FED2CD6972F463 /* MavieApp.swift */,
			);
			path = App;
			sourceTree = "<group>";
		};
		CDCFA4C8F547A72EA194AD24 /* Mock */ = {
			isa = PBXGroup;
			children = (
				3CAFCF46D8C7EEC639A3FEF6 /* .gitkeep */,
				575356844F919041CEB44D0F /* PreviewData.swift */,
			);
			path = Mock;
			sourceTree = "<group>";
		};
		D1C394A934DEFA37FB6C24C5 /* MavieTests */ = {
			isa = PBXGroup;
			children = (
				6082C91E8D26535106119306 /* MavieTests.swift */,
			);
			path = MavieTests;
			sourceTree = "<group>";
		};
		D2F32C7800F4D93E81CC2AB7 /* Products */ = {
			isa = PBXGroup;
			children = (
				D9E44CEFBE94981ED7EA867F /* Mavie.app */,
				5F640251E18D1113EAC4C59D /* MavieTests.xctest */,
				4B0C46A6E83BAF5E37D2EC16 /* MavieUITests.xctest */,
			);
			name = Products;
			sourceTree = "<group>";
		};
		D582AE5C4E8CACC703C250D6 /* Components */ = {
			isa = PBXGroup;
			children = (
				B8342950B727588C93394B12 /* .gitkeep */,
				F9183829E797CC4BEAE95061 /* ComponentGallery.swift */,
				2D6BD1125D3A805280B15260 /* CycleRingView.swift */,
				A0692964E06D6CF3B761E4C5 /* DataStatusCard.swift */,
				485DCE66F7CA99BF79A6ED74 /* InsightCard.swift */,
				C7FF15AAC8249353DAD172F9 /* MavieButton.swift */,
				45670FDCE91C197F219F4B7B /* MavieCard.swift */,
				7AB77D121C6C53A9441CA458 /* MoodChip.swift */,
				85EF104E047040EC1BBAA3C8 /* PrivacyChip.swift */,
				33EC866AF98FC19A3CA8B5D6 /* QuickActionButton.swift */,
				F08C058AF44DDE420D846911 /* SectionHeader.swift */,
				71CD706D6BD0819CA6AE9576 /* StatCard.swift */,
				04126DC43B3ACC481A709D11 /* SymptomChip.swift */,
			);
			path = Components;
			sourceTree = "<group>";
		};
/* End PBXGroup section */

/* Begin PBXNativeTarget section */
		35E7738CAC7DE3772CF95EF0 /* MavieTests */ = {
			isa = PBXNativeTarget;
			buildConfigurationList = 007BB227A9D1BFBE61A6C4AE /* Build configuration list for PBXNativeTarget "MavieTests" */;
			buildPhases = (
				305D5F4E5D57595588A2E01B /* Sources */,
			);
			buildRules = (
			);
			dependencies = (
				6F6A735488D31F5C0D7CB06E /* PBXTargetDependency */,
			);
			name = MavieTests;
			packageProductDependencies = (
			);
			productName = MavieTests;
			productReference = 5F640251E18D1113EAC4C59D /* MavieTests.xctest */;
			productType = "com.apple.product-type.bundle.unit-test";
		};
		410CE2C3EBA2ABF395139BB7 /* Mavie */ = {
			isa = PBXNativeTarget;
			buildConfigurationList = CB5294845A8B92C74907E08B /* Build configuration list for PBXNativeTarget "Mavie" */;
			buildPhases = (
				892271A4A6449514EC7C0C19 /* Sources */,
				FC9BAB5D054038D97C27FFAE /* Resources */,
			);
			buildRules = (
			);
			dependencies = (
			);
			name = Mavie;
			packageProductDependencies = (
			);
			productName = Mavie;
			productReference = D9E44CEFBE94981ED7EA867F /* Mavie.app */;
			productType = "com.apple.product-type.application";
		};
		F5CDDA7A36EF0D0CB783F995 /* MavieUITests */ = {
			isa = PBXNativeTarget;
			buildConfigurationList = 9E93ACFF6FACE4F541ADEC08 /* Build configuration list for PBXNativeTarget "MavieUITests" */;
			buildPhases = (
				7751DEBFA8FFB4218EB63917 /* Sources */,
			);
			buildRules = (
			);
			dependencies = (
				5C86C4B286450DBF174235B8 /* PBXTargetDependency */,
			);
			name = MavieUITests;
			packageProductDependencies = (
			);
			productName = MavieUITests;
			productReference = 4B0C46A6E83BAF5E37D2EC16 /* MavieUITests.xctest */;
			productType = "com.apple.product-type.bundle.ui-testing";
		};
/* End PBXNativeTarget section */

/* Begin PBXProject section */
		F5D3D9430000A02B51A96D8A /* Project object */ = {
			isa = PBXProject;
			attributes = {
				BuildIndependentTargetsInParallel = YES;
				LastUpgradeCheck = 1430;
				TargetAttributes = {
					35E7738CAC7DE3772CF95EF0 = {
						DevelopmentTeam = "";
					};
					410CE2C3EBA2ABF395139BB7 = {
						DevelopmentTeam = "";
					};
					F5CDDA7A36EF0D0CB783F995 = {
						DevelopmentTeam = "";
						TestTargetID = 410CE2C3EBA2ABF395139BB7;
					};
				};
			};
			buildConfigurationList = AF3BCC58FD452CA3F01645B6 /* Build configuration list for PBXProject "Mavie" */;
			developmentRegion = en;
			hasScannedForEncodings = 0;
			knownRegions = (
				Base,
				en,
			);
			mainGroup = 8A64BD2D8C66374E1FF29895;
			minimizedProjectReferenceProxies = 1;
			preferredProjectObjectVersion = 77;
			productRefGroup = D2F32C7800F4D93E81CC2AB7 /* Products */;
			projectDirPath = "";
			projectRoot = "";
			targets = (
				410CE2C3EBA2ABF395139BB7 /* Mavie */,
				35E7738CAC7DE3772CF95EF0 /* MavieTests */,
				F5CDDA7A36EF0D0CB783F995 /* MavieUITests */,
			);
		};
/* End PBXProject section */

/* Begin PBXResourcesBuildPhase section */
		FC9BAB5D054038D97C27FFAE /* Resources */ = {
			isa = PBXResourcesBuildPhase;
			buildActionMask = 2147483647;
			files = (
				7BC8CC2F29842B1A0EDC08BD /* Assets.xcassets in Resources */,
				8A65A463A80DCB92346BEDF3 /* Mavie.storekit in Resources */,
				6508C8A74EDAC8CA6C3182A1 /* Preview Assets.xcassets in Resources */,
			);
			runOnlyForDeploymentPostprocessing = 0;
		};
/* End PBXResourcesBuildPhase section */

/* Begin PBXSourcesBuildPhase section */
		305D5F4E5D57595588A2E01B /* Sources */ = {
			isa = PBXSourcesBuildPhase;
			buildActionMask = 2147483647;
			files = (
				413505EF38142E0539A8D714 /* MavieTests.swift in Sources */,
			);
			runOnlyForDeploymentPostprocessing = 0;
		};
		7751DEBFA8FFB4218EB63917 /* Sources */ = {
			isa = PBXSourcesBuildPhase;
			buildActionMask = 2147483647;
			files = (
				32BFF0721D36CD13D71CCF8F /* MavieUITests.swift in Sources */,
				5C623D6823E032C726D6BAC8 /* MavieUITestsLaunchTests.swift in Sources */,
			);
			runOnlyForDeploymentPostprocessing = 0;
		};
		892271A4A6449514EC7C0C19 /* Sources */ = {
			isa = PBXSourcesBuildPhase;
			buildActionMask = 2147483647;
			files = (
				BFEE1409B28D8A4EBBC1A20C /* AppLockGate.swift in Sources */,
				DC22E9EDFEA3C4C2115AF5BA /* AppPreviewMask.swift in Sources */,
				0B9B55F2BC10E29211EDD933 /* BiometricService.swift in Sources */,
				45EA5E1DAD1E30EC034E1BC0 /* CalendarMath.swift in Sources */,
				ADE38D413E77AD678D4DBA55 /* CalendarView.swift in Sources */,
				4C092D945F327C03C6426BB0 /* Color+Mavie.swift in Sources */,
				2A4BB93F918444539A3B01A1 /* ComponentGallery.swift in Sources */,
				E8C5969AA3DD5BC287C4BA97 /* ContentView.swift in Sources */,
				51F8193991427516CEA5327A /* CycleAnalytics.swift in Sources */,
				D5DECA26FC1778F5BAC89C39 /* CycleEntry.swift in Sources */,
				6D48EB0EDFD50598E8CE7A78 /* CyclePrediction.swift in Sources */,
				89EE30D8EC7CAC1BC5F46D94 /* CycleRingView.swift in Sources */,
				AE1A89B71B1CF72B0A6A453D /* DailyLogForm.swift in Sources */,
				CB1C845FA11F838E8DBCD2CF /* DataStatusCard.swift in Sources */,
				85531C3D34B34A203159743A /* DayCell.swift in Sources */,
				375EEFBD1CDD62C33DDB0E10 /* DayDetailSheet.swift in Sources */,
				BCB5334AF18B6FE93F8C1759 /* DesignSystemPreview.swift in Sources */,
				F1AC176F9D56639C5C0752AF /* Enums.swift in Sources */,
				843C55FD77761EEFF9CB2F21 /* ExportService.swift in Sources */,
				C969E67EA95464BE37BF5B84 /* ExportView.swift in Sources */,
				ED331023DBD9BB944BF46C26 /* GoalCard.swift in Sources */,
				8375873C187A4BC918E6AFD2 /* HealthKitConnectView.swift in Sources */,
				B4B3492B3A1CD0A287B1501B /* HealthKitService.swift in Sources */,
				085A35DC2C555E5D4A018A55 /* HealthKitSync.swift in Sources */,
				96C6EFD5759A72F2BD0DCB0A /* HomeComingUp.swift in Sources */,
				0B40924D0D9DF43BCBC7DB97 /* HomeCopy.swift in Sources */,
				0AFF5E82E22E04452B6633B2 /* HomeHeader.swift in Sources */,
				FDAD947F31FD8C2D2F06B37A /* HomeHeroCard.swift in Sources */,
				C3D626E4FAB5BBB33F904443 /* HomeMoodCheckIn.swift in Sources */,
				6FBAAAB4A2D320622BCE0D4F /* HomePatternInsight.swift in Sources */,
				3E93B665D826FA168B8594BA /* HomeQuickActions.swift in Sources */,
				D0217AA7F30EBE2446F7A584 /* HomeView.swift in Sources */,
				07D04D470825EE40D29D7EEC /* InsightCard.swift in Sources */,
				83842B1418ACA8F2D4645D9D /* InsightsCharts.swift in Sources */,
				502C3344BF9CAEC3CF42BD49 /* InsightsEmptyState.swift in Sources */,
				68B217909671B764AE8429D0 /* InsightsStatsGrid.swift in Sources */,
				A3EEE399D4872830C5552B6D /* InsightsView.swift in Sources */,
				198B7E22DB3A58343EB2D3C0 /* LogView.swift in Sources */,
				6CDD34CF5017F8AE9AB7E888 /* MainTabView.swift in Sources */,
				C5A0B2888BEDDF40B5003C5A /* MavieApp.swift in Sources */,
				ED537FE4D941015C9F96B602 /* MavieButton.swift in Sources */,
				E2E8EC5B8A34730696421AEA /* MavieCard.swift in Sources */,
				D14C0F5D49064AE0854762E3 /* MonthGridView.swift in Sources */,
				73D5B9153EA62104867398FA /* MonthSummaryCard.swift in Sources */,
				3E59FBF6D573DDE96568B53B /* MoodChip.swift in Sources */,
				455EF618A5A9632EE52F8EFA /* NotificationService.swift in Sources */,
				7A01E0C7CC40562B806BC63D /* OnboardingFlow.swift in Sources */,
				05035087CC00535EAB9AB450 /* OnboardingProgress.swift in Sources */,
				58F6A6353A5EDF5FD78E8F0F /* OnboardingScaffold.swift in Sources */,
				BB31F1F5F7D4D8B2A29E7167 /* OnboardingStep.swift in Sources */,
				4E0C83CCB74D665F80475A8C /* OnboardingSteps.swift in Sources */,
				F97405DAB4D2D9562FD3D64C /* OnboardingViewModel.swift in Sources */,
				AF53105B85323BEED6820B8B /* PatternsSection.swift in Sources */,
				1C2D29032B7B1475DC1F3956 /* PaywallTierCard.swift in Sources */,
				38B8D728FBAA88EC984EABBD /* PaywallView.swift in Sources */,
				681DA71411F9796A44E47898 /* Persistence.swift in Sources */,
				8C90317322F11F52A9C25898 /* PredictionEngine.swift in Sources */,
				676720948A6A7AC975A3AE79 /* PreviewData.swift in Sources */,
				53949058014DA82FA20F19C3 /* PrivacyChip.swift in Sources */,
				0A776B090B3DB1A73576E0DD /* PurchaseService.swift in Sources */,
				C1CF6333DD10E5DEF1FA6D82 /* QuickActionButton.swift in Sources */,
				16EB808CFA34132806842110 /* RemindersView.swift in Sources */,
				1F6234B85934E61698BF4E68 /* RootView.swift in Sources */,
				03F97E81AFE517A81CDD3508 /* SectionHeader.swift in Sources */,
				F3B040269A3D6123E711C7F3 /* SettingsPickerSheets.swift in Sources */,
				99DECCDF9FF07135EB5852A9 /* SettingsRows.swift in Sources */,
				E0E74177EF81D7F9981C9C03 /* SettingsView.swift in Sources */,
				AE4D240BD55F5040E00CE48B /* Shadows.swift in Sources */,
				F96CBF5DD48C4566EC44B9F2 /* Shapes.swift in Sources */,
				A056CC329EF6A45B592ABFBC /* Spacing.swift in Sources */,
				7EBA398ABBDB4F5C035F4441 /* StatCard.swift in Sources */,
				A240153389B2A93818F41C22 /* SymptomChip.swift in Sources */,
				ABE98E43F15622C7B392202F /* ToggleCard.swift in Sources */,
				08834D5BE72AD81107AC523D /* Typography.swift in Sources */,
				3476CC0389BC9297748686F6 /* UserProfile.swift in Sources */,
			);
			runOnlyForDeploymentPostprocessing = 0;
		};
/* End PBXSourcesBuildPhase section */

/* Begin PBXTargetDependency section */
		5C86C4B286450DBF174235B8 /* PBXTargetDependency */ = {
			isa = PBXTargetDependency;
			target = 410CE2C3EBA2ABF395139BB7 /* Mavie */;
			targetProxy = 628BA96CF53DFF583A9E7EB2 /* PBXContainerItemProxy */;
		};
		6F6A735488D31F5C0D7CB06E /* PBXTargetDependency */ = {
			isa = PBXTargetDependency;
			target = 410CE2C3EBA2ABF395139BB7 /* Mavie */;
			targetProxy = AA93A44B4C01CF1A82EBA6C1 /* PBXContainerItemProxy */;
		};
/* End PBXTargetDependency section */

/* Begin XCBuildConfiguration section */
		0AEC2C45317848551F0FD11A /* Release */ = {
			isa = XCBuildConfiguration;
			buildSettings = {
				ALWAYS_SEARCH_USER_PATHS = NO;
				CLANG_ANALYZER_NONNULL = YES;
				CLANG_ANALYZER_NUMBER_OBJECT_CONVERSION = YES_AGGRESSIVE;
				CLANG_CXX_LANGUAGE_STANDARD = "gnu++14";
				CLANG_CXX_LIBRARY = "libc++";
				CLANG_ENABLE_MODULES = YES;
				CLANG_ENABLE_OBJC_ARC = YES;
				CLANG_ENABLE_OBJC_WEAK = YES;
				CLANG_WARN_BLOCK_CAPTURE_AUTORELEASING = YES;
				CLANG_WARN_BOOL_CONVERSION = YES;
				CLANG_WARN_COMMA = YES;
				CLANG_WARN_CONSTANT_CONVERSION = YES;
				CLANG_WARN_DEPRECATED_OBJC_IMPLEMENTATIONS = YES;
				CLANG_WARN_DIRECT_OBJC_ISA_USAGE = YES_ERROR;
				CLANG_WARN_DOCUMENTATION_COMMENTS = YES;
				CLANG_WARN_EMPTY_BODY = YES;
				CLANG_WARN_ENUM_CONVERSION = YES;
				CLANG_WARN_INFINITE_RECURSION = YES;
				CLANG_WARN_INT_CONVERSION = YES;
				CLANG_WARN_NON_LITERAL_NULL_CONVERSION = YES;
				CLANG_WARN_OBJC_IMPLICIT_RETAIN_SELF = YES;
				CLANG_WARN_OBJC_LITERAL_CONVERSION = YES;
				CLANG_WARN_OBJC_ROOT_CLASS = YES_ERROR;
				CLANG_WARN_QUOTED_INCLUDE_IN_FRAMEWORK_HEADER = YES;
				CLANG_WARN_RANGE_LOOP_ANALYSIS = YES;
				CLANG_WARN_STRICT_PROTOTYPES = YES;
				CLANG_WARN_SUSPICIOUS_MOVE = YES;
				CLANG_WARN_UNGUARDED_AVAILABILITY = YES_AGGRESSIVE;
				CLANG_WARN_UNREACHABLE_CODE = YES;
				CLANG_WARN__DUPLICATE_METHOD_MATCH = YES;
				COPY_PHASE_STRIP = NO;
				CURRENT_PROJECT_VERSION = 1;
				DEBUG_INFORMATION_FORMAT = "dwarf-with-dsym";
				DEVELOPMENT_TEAM = "";
				ENABLE_NS_ASSERTIONS = NO;
				ENABLE_STRICT_OBJC_MSGSEND = YES;
				GCC_C_LANGUAGE_STANDARD = gnu11;
				GCC_NO_COMMON_BLOCKS = YES;
				GCC_WARN_64_TO_32_BIT_CONVERSION = YES;
				GCC_WARN_ABOUT_RETURN_TYPE = YES_ERROR;
				GCC_WARN_UNDECLARED_SELECTOR = YES;
				GCC_WARN_UNINITIALIZED_AUTOS = YES_AGGRESSIVE;
				GCC_WARN_UNUSED_FUNCTION = YES;
				GCC_WARN_UNUSED_VARIABLE = YES;
				IPHONEOS_DEPLOYMENT_TARGET = 17.0;
				MARKETING_VERSION = 0.1.0;
				MTL_ENABLE_DEBUG_INFO = NO;
				MTL_FAST_MATH = YES;
				PRODUCT_NAME = "$(TARGET_NAME)";
				SDKROOT = iphoneos;
				SWIFT_COMPILATION_MODE = wholemodule;
				SWIFT_OPTIMIZATION_LEVEL = "-O";
				SWIFT_VERSION = 5.0;
			};
			name = Release;
		};
		4DC0B36E7DAB7C6531445588 /* Debug */ = {
			isa = XCBuildConfiguration;
			buildSettings = {
				ASSETCATALOG_COMPILER_APPICON_NAME = AppIcon;
				ASSETCATALOG_COMPILER_GLOBAL_ACCENT_COLOR_NAME = AccentColor;
				CODE_SIGN_ENTITLEMENTS = Mavie/Mavie.entitlements;
				CODE_SIGN_IDENTITY = "iPhone Developer";
				DEVELOPMENT_ASSET_PATHS = "\"Mavie/Preview Content\"";
				ENABLE_PREVIEWS = YES;
				GENERATE_INFOPLIST_FILE = YES;
				INFOPLIST_KEY_NSFaceIDUsageDescription = "Mavie uses Face ID to keep your cycle data private.";
				INFOPLIST_KEY_NSHealthShareUsageDescription = "Mavie reads your menstrual flow and symptoms from Apple Health to keep your cycle data in sync.";
				INFOPLIST_KEY_NSHealthUpdateUsageDescription = "Mavie writes your menstrual flow and symptoms to Apple Health when you choose to.";
				INFOPLIST_KEY_UIApplicationSceneManifest_Generation = YES;
				INFOPLIST_KEY_UIApplicationSupportsIndirectInputEvents = YES;
				INFOPLIST_KEY_UILaunchScreen_Generation = YES;
				INFOPLIST_KEY_UISupportedInterfaceOrientations_iPad = "UIInterfaceOrientationPortrait UIInterfaceOrientationPortraitUpsideDown UIInterfaceOrientationLandscapeLeft UIInterfaceOrientationLandscapeRight";
				INFOPLIST_KEY_UISupportedInterfaceOrientations_iPhone = "UIInterfaceOrientationPortrait UIInterfaceOrientationLandscapeLeft UIInterfaceOrientationLandscapeRight";
				LD_RUNPATH_SEARCH_PATHS = (
					"$(inherited)",
					"@executable_path/Frameworks",
				);
				PRODUCT_BUNDLE_IDENTIFIER = com.mavie.Mavie;
				SDKROOT = iphoneos;
				SUPPORTS_MACCATALYST = NO;
				SUPPORTS_MAC_DESIGNED_FOR_IPHONE_IPAD = NO;
				SWIFT_EMIT_LOC_STRINGS = YES;
				TARGETED_DEVICE_FAMILY = "1,2";
			};
			name = Debug;
		};
		7608BEB1334DD9829DB12167 /* Release */ = {
			isa = XCBuildConfiguration;
			buildSettings = {
				BUNDLE_LOADER = "$(TEST_HOST)";
				GENERATE_INFOPLIST_FILE = YES;
				LD_RUNPATH_SEARCH_PATHS = (
					"$(inherited)",
					"@executable_path/Frameworks",
					"@loader_path/Frameworks",
				);
				PRODUCT_BUNDLE_IDENTIFIER = com.mavie.MavieUITests;
				SDKROOT = iphoneos;
				TARGETED_DEVICE_FAMILY = "1,2";
				TEST_TARGET_NAME = Mavie;
			};
			name = Release;
		};
		8D0B9337D61735222436FF0F /* Debug */ = {
			isa = XCBuildConfiguration;
			buildSettings = {
				BUNDLE_LOADER = "$(TEST_HOST)";
				GENERATE_INFOPLIST_FILE = YES;
				LD_RUNPATH_SEARCH_PATHS = (
					"$(inherited)",
					"@executable_path/Frameworks",
					"@loader_path/Frameworks",
				);
				PRODUCT_BUNDLE_IDENTIFIER = com.mavie.MavieUITests;
				SDKROOT = iphoneos;
				TARGETED_DEVICE_FAMILY = "1,2";
				TEST_TARGET_NAME = Mavie;
			};
			name = Debug;
		};
		9A49831789AFFA96609585D0 /* Release */ = {
			isa = XCBuildConfiguration;
			buildSettings = {
				BUNDLE_LOADER = "$(TEST_HOST)";
				GENERATE_INFOPLIST_FILE = YES;
				LD_RUNPATH_SEARCH_PATHS = (
					"$(inherited)",
					"@executable_path/Frameworks",
					"@loader_path/Frameworks",
				);
				PRODUCT_BUNDLE_IDENTIFIER = com.mavie.MavieTests;
				SDKROOT = iphoneos;
				TARGETED_DEVICE_FAMILY = "1,2";
				TEST_HOST = "$(BUILT_PRODUCTS_DIR)/Mavie.app/$(BUNDLE_EXECUTABLE_FOLDER_PATH)/Mavie";
			};
			name = Release;
		};
		C2EA8268F918179FB387B49A /* Debug */ = {
			isa = XCBuildConfiguration;
			buildSettings = {
				ALWAYS_SEARCH_USER_PATHS = NO;
				CLANG_ANALYZER_NONNULL = YES;
				CLANG_ANALYZER_NUMBER_OBJECT_CONVERSION = YES_AGGRESSIVE;
				CLANG_CXX_LANGUAGE_STANDARD = "gnu++14";
				CLANG_CXX_LIBRARY = "libc++";
				CLANG_ENABLE_MODULES = YES;
				CLANG_ENABLE_OBJC_ARC = YES;
				CLANG_ENABLE_OBJC_WEAK = YES;
				CLANG_WARN_BLOCK_CAPTURE_AUTORELEASING = YES;
				CLANG_WARN_BOOL_CONVERSION = YES;
				CLANG_WARN_COMMA = YES;
				CLANG_WARN_CONSTANT_CONVERSION = YES;
				CLANG_WARN_DEPRECATED_OBJC_IMPLEMENTATIONS = YES;
				CLANG_WARN_DIRECT_OBJC_ISA_USAGE = YES_ERROR;
				CLANG_WARN_DOCUMENTATION_COMMENTS = YES;
				CLANG_WARN_EMPTY_BODY = YES;
				CLANG_WARN_ENUM_CONVERSION = YES;
				CLANG_WARN_INFINITE_RECURSION = YES;
				CLANG_WARN_INT_CONVERSION = YES;
				CLANG_WARN_NON_LITERAL_NULL_CONVERSION = YES;
				CLANG_WARN_OBJC_IMPLICIT_RETAIN_SELF = YES;
				CLANG_WARN_OBJC_LITERAL_CONVERSION = YES;
				CLANG_WARN_OBJC_ROOT_CLASS = YES_ERROR;
				CLANG_WARN_QUOTED_INCLUDE_IN_FRAMEWORK_HEADER = YES;
				CLANG_WARN_RANGE_LOOP_ANALYSIS = YES;
				CLANG_WARN_STRICT_PROTOTYPES = YES;
				CLANG_WARN_SUSPICIOUS_MOVE = YES;
				CLANG_WARN_UNGUARDED_AVAILABILITY = YES_AGGRESSIVE;
				CLANG_WARN_UNREACHABLE_CODE = YES;
				CLANG_WARN__DUPLICATE_METHOD_MATCH = YES;
				COPY_PHASE_STRIP = NO;
				CURRENT_PROJECT_VERSION = 1;
				DEBUG_INFORMATION_FORMAT = dwarf;
				DEVELOPMENT_TEAM = "";
				ENABLE_STRICT_OBJC_MSGSEND = YES;
				ENABLE_TESTABILITY = YES;
				GCC_C_LANGUAGE_STANDARD = gnu11;
				GCC_DYNAMIC_NO_PIC = NO;
				GCC_NO_COMMON_BLOCKS = YES;
				GCC_OPTIMIZATION_LEVEL = 0;
				GCC_PREPROCESSOR_DEFINITIONS = (
					"$(inherited)",
					"DEBUG=1",
				);
				GCC_WARN_64_TO_32_BIT_CONVERSION = YES;
				GCC_WARN_ABOUT_RETURN_TYPE = YES_ERROR;
				GCC_WARN_UNDECLARED_SELECTOR = YES;
				GCC_WARN_UNINITIALIZED_AUTOS = YES_AGGRESSIVE;
				GCC_WARN_UNUSED_FUNCTION = YES;
				GCC_WARN_UNUSED_VARIABLE = YES;
				IPHONEOS_DEPLOYMENT_TARGET = 17.0;
				MARKETING_VERSION = 0.1.0;
				MTL_ENABLE_DEBUG_INFO = INCLUDE_SOURCE;
				MTL_FAST_MATH = YES;
				ONLY_ACTIVE_ARCH = YES;
				PRODUCT_NAME = "$(TARGET_NAME)";
				SDKROOT = iphoneos;
				SWIFT_ACTIVE_COMPILATION_CONDITIONS = DEBUG;
				SWIFT_OPTIMIZATION_LEVEL = "-Onone";
				SWIFT_VERSION = 5.0;
			};
			name = Debug;
		};
		D3CFAEE4AA86045432DDB848 /* Release */ = {
			isa = XCBuildConfiguration;
			buildSettings = {
				ASSETCATALOG_COMPILER_APPICON_NAME = AppIcon;
				ASSETCATALOG_COMPILER_GLOBAL_ACCENT_COLOR_NAME = AccentColor;
				CODE_SIGN_ENTITLEMENTS = Mavie/Mavie.entitlements;
				CODE_SIGN_IDENTITY = "iPhone Developer";
				DEVELOPMENT_ASSET_PATHS = "\"Mavie/Preview Content\"";
				ENABLE_PREVIEWS = YES;
				GENERATE_INFOPLIST_FILE = YES;
				INFOPLIST_KEY_NSFaceIDUsageDescription = "Mavie uses Face ID to keep your cycle data private.";
				INFOPLIST_KEY_NSHealthShareUsageDescription = "Mavie reads your menstrual flow and symptoms from Apple Health to keep your cycle data in sync.";
				INFOPLIST_KEY_NSHealthUpdateUsageDescription = "Mavie writes your menstrual flow and symptoms to Apple Health when you choose to.";
				INFOPLIST_KEY_UIApplicationSceneManifest_Generation = YES;
				INFOPLIST_KEY_UIApplicationSupportsIndirectInputEvents = YES;
				INFOPLIST_KEY_UILaunchScreen_Generation = YES;
				INFOPLIST_KEY_UISupportedInterfaceOrientations_iPad = "UIInterfaceOrientationPortrait UIInterfaceOrientationPortraitUpsideDown UIInterfaceOrientationLandscapeLeft UIInterfaceOrientationLandscapeRight";
				INFOPLIST_KEY_UISupportedInterfaceOrientations_iPhone = "UIInterfaceOrientationPortrait UIInterfaceOrientationLandscapeLeft UIInterfaceOrientationLandscapeRight";
				LD_RUNPATH_SEARCH_PATHS = (
					"$(inherited)",
					"@executable_path/Frameworks",
				);
				PRODUCT_BUNDLE_IDENTIFIER = com.mavie.Mavie;
				SDKROOT = iphoneos;
				SUPPORTS_MACCATALYST = NO;
				SUPPORTS_MAC_DESIGNED_FOR_IPHONE_IPAD = NO;
				SWIFT_EMIT_LOC_STRINGS = YES;
				TARGETED_DEVICE_FAMILY = "1,2";
			};
			name = Release;
		};
		DF89331276472D82B232F528 /* Debug */ = {
			isa = XCBuildConfiguration;
			buildSettings = {
				BUNDLE_LOADER = "$(TEST_HOST)";
				GENERATE_INFOPLIST_FILE = YES;
				LD_RUNPATH_SEARCH_PATHS = (
					"$(inherited)",
					"@executable_path/Frameworks",
					"@loader_path/Frameworks",
				);
				PRODUCT_BUNDLE_IDENTIFIER = com.mavie.MavieTests;
				SDKROOT = iphoneos;
				TARGETED_DEVICE_FAMILY = "1,2";
				TEST_HOST = "$(BUILT_PRODUCTS_DIR)/Mavie.app/$(BUNDLE_EXECUTABLE_FOLDER_PATH)/Mavie";
			};
			name = Debug;
		};
/* End XCBuildConfiguration section */

/* Begin XCConfigurationList section */
		007BB227A9D1BFBE61A6C4AE /* Build configuration list for PBXNativeTarget "MavieTests" */ = {
			isa = XCConfigurationList;
			buildConfigurations = (
				DF89331276472D82B232F528 /* Debug */,
				9A49831789AFFA96609585D0 /* Release */,
			);
			defaultConfigurationIsVisible = 0;
			defaultConfigurationName = Debug;
		};
		9E93ACFF6FACE4F541ADEC08 /* Build configuration list for PBXNativeTarget "MavieUITests" */ = {
			isa = XCConfigurationList;
			buildConfigurations = (
				8D0B9337D61735222436FF0F /* Debug */,
				7608BEB1334DD9829DB12167 /* Release */,
			);
			defaultConfigurationIsVisible = 0;
			defaultConfigurationName = Debug;
		};
		AF3BCC58FD452CA3F01645B6 /* Build configuration list for PBXProject "Mavie" */ = {
			isa = XCConfigurationList;
			buildConfigurations = (
				C2EA8268F918179FB387B49A /* Debug */,
				0AEC2C45317848551F0FD11A /* Release */,
			);
			defaultConfigurationIsVisible = 0;
			defaultConfigurationName = Debug;
		};
		CB5294845A8B92C74907E08B /* Build configuration list for PBXNativeTarget "Mavie" */ = {
			isa = XCConfigurationList;
			buildConfigurations = (
				4DC0B36E7DAB7C6531445588 /* Debug */,
				D3CFAEE4AA86045432DDB848 /* Release */,
			);
			defaultConfigurationIsVisible = 0;
			defaultConfigurationName = Debug;
		};
/* End XCConfigurationList section */
	};
	rootObject = F5D3D9430000A02B51A96D8A /* Project object */;
}
